# This file is automatically @generated by Cargo.
# It is not intended for manual editing.
version = 4

[[package]]
name = "cli_chat"
version = "0.1.0"
dependencies = [
 "core_crypto",
 "network_tor",
 "storage_vault",
]

[[package]]
name = "core_crypto"
version = "0.1.0"

[[package]]
name = "network_tor"
version = "0.1.0"

[[package]]
name = "sentinel_daemon"
version = "0.1.0"
dependencies = [
 "core_crypto",
 "network_tor",
 "storage_vault",
]

[[package]]
name = "storage_vault"
version = "0.1.0"

[[package]]
name = "tauri_ui"
version = "0.1.0"
